
Microsoft Visual Studio Solution File, Format Version 12.00
# Visual Studio Version 16
VisualStudioVersion = 16.0.31624.102
MinimumVisualStudioVersion = 10.0.40219.1
Project("{FAE04EC0-301F-11D3-BF4B-00C04F79EFBC}") = "Adressbok", "Adressbok\Adressbok.csproj", "{3A6E2D6C-5734-4CEA-AE46-3B911EE4D40E}"
EndProject
Global
	GlobalSection(SolutionConfigurationPlatforms) = preSolution
		Debug|Any CPU = Debug|Any CPU
		Release|Any CPU = Release|Any CPU
	EndGlobalSection
	GlobalSection(ProjectConfigurationPlatforms) = postSolution
		{3A6E2D6C-5734-4CEA-AE46-3B911EE4D40E}.Debug|Any CPU.ActiveCfg = Debug|Any CPU
		{3A6E2D6C-5734-4CEA-AE46-3B911EE4D40E}.Debug|Any CPU.Build.0 = Debug|Any CPU
		{3A6E2D6C-5734-4CEA-AE46-3B911EE4D40E}.Release|Any CPU.ActiveCfg = Release|Any CPU
		{3A6E2D6C-5734-4CEA-AE46-3B911EE4D40E}.Release|Any CPU.Build.0 = Release|Any CPU
	EndGlobalSection
	GlobalSection(SolutionProperties) = preSolution
		HideSolutionNode = FALSE
	EndGlobalSection
	GlobalSection(ExtensibilityGlobals) = postSolution
		SolutionGuid = {CE471EAF-42CE-4D37-ADEC-820B9DCBD87C}
	EndGlobalSection
EndGlobal
